
Microsoft Visual Studio Solution File, Format Version 12.00
# Visual Studio Version 17
VisualStudioVersion = 17.14.36811.4 d17.14
MinimumVisualStudioVersion = 10.0.40219.1
Project("{FAE04EC0-301F-11D3-BF4B-00C04F79EFBC}") = "api-versioning", "api-versioning\api-versioning.csproj", "{FAB00CD1-FD54-405F-8053-C7D71158B767}"
EndProject
Global
	GlobalSection(SolutionConfigurationPlatforms) = preSolution
		Debug|Any CPU = Debug|Any CPU
		Release|Any CPU = Release|Any CPU
	EndGlobalSection
	GlobalSection(ProjectConfigurationPlatforms) = postSolution
		{FAB00CD1-FD54-405F-8053-C7D71158B767}.Debug|Any CPU.ActiveCfg = Debug|Any CPU
		{FAB00CD1-FD54-405F-8053-C7D71158B767}.Debug|Any CPU.Build.0 = Debug|Any CPU
		{FAB00CD1-FD54-405F-8053-C7D71158B767}.Release|Any CPU.ActiveCfg = Release|Any CPU
		{FAB00CD1-FD54-405F-8053-C7D71158B767}.Release|Any CPU.Build.0 = Release|Any CPU
	EndGlobalSection
	GlobalSection(SolutionProperties) = preSolution
		HideSolutionNode = FALSE
	EndGlobalSection
	GlobalSection(ExtensibilityGlobals) = postSolution
		SolutionGuid = {634841BE-56F1-40EB-93EE-5E4523D2F0E3}
	EndGlobalSection
EndGlobal
